
Microsoft Visual Studio Solution File, Format Version 12.00
# Visual Studio Version 17
VisualStudioVersion = 17.0.31903.59
MinimumVisualStudioVersion = 10.0.40219.1
Project("{FAE04EC0-301F-11D3-BF4B-00C04F79EFBC}") = "Cli", "Cli\Cli.csproj", "{40485F80-4164-4F71-B665-83D34556C3FA}"
EndProject
Project("{FAE04EC0-301F-11D3-BF4B-00C04F79EFBC}") = "Lib", "Lib\Lib.csproj", "{7C61E30E-738D-4B5F-868B-0044FC9EAC76}"
EndProject
Global
	GlobalSection(SolutionConfigurationPlatforms) = preSolution
		Debug|Any CPU = Debug|Any CPU
		Debug|x64 = Debug|x64
		Debug|x86 = Debug|x86
		Release|Any CPU = Release|Any CPU
		Release|x64 = Release|x64
		Release|x86 = Release|x86
	EndGlobalSection
	GlobalSection(ProjectConfigurationPlatforms) = postSolution
		{40485F80-4164-4F71-B665-83D34556C3FA}.Debug|Any CPU.ActiveCfg = Debug|Any CPU
		{40485F80-4164-4F71-B665-83D34556C3FA}.Debug|Any CPU.Build.0 = Debug|Any CPU
		{40485F80-4164-4F71-B665-83D34556C3FA}.Debug|x64.ActiveCfg = Debug|Any CPU
		{40485F80-4164-4F71-B665-83D34556C3FA}.Debug|x64.Build.0 = Debug|Any CPU
		{40485F80-4164-4F71-B665-83D34556C3FA}.Debug|x86.ActiveCfg = Debug|Any CPU
		{40485F80-4164-4F71-B665-83D34556C3FA}.Debug|x86.Build.0 = Debug|Any CPU
		{40485F80-4164-4F71-B665-83D34556C3FA}.Release|Any CPU.ActiveCfg = Release|Any CPU
		{40485F80-4164-4F71-B665-83D34556C3FA}.Release|Any CPU.Build.0 = Release|Any CPU
		{40485F80-4164-4F71-B665-83D34556C3FA}.Release|x64.ActiveCfg = Release|Any CPU
		{40485F80-4164-4F71-B665-83D34556C3FA}.Release|x64.Build.0 = Release|Any CPU
		{40485F80-4164-4F71-B665-83D34556C3FA}.Release|x86.ActiveCfg = Release|Any CPU
		{40485F80-4164-4F71-B665-83D34556C3FA}.Release|x86.Build.0 = Release|Any CPU
		{7C61E30E-738D-4B5F-868B-0044FC9EAC76}.Debug|Any CPU.ActiveCfg = Debug|Any CPU
		{7C61E30E-738D-4B5F-868B-0044FC9EAC76}.Debug|Any CPU.Build.0 = Debug|Any CPU
		{7C61E30E-738D-4B5F-868B-0044FC9EAC76}.Debug|x64.ActiveCfg = Debug|Any CPU
		{7C61E30E-738D-4B5F-868B-0044FC9EAC76}.Debug|x64.Build.0 = Debug|Any CPU
		{7C61E30E-738D-4B5F-868B-0044FC9EAC76}.Debug|x86.ActiveCfg = Debug|Any CPU
		{7C61E30E-738D-4B5F-868B-0044FC9EAC76}.Debug|x86.Build.0 = Debug|Any CPU
		{7C61E30E-738D-4B5F-868B-0044FC9EAC76}.Release|Any CPU.ActiveCfg = Release|Any CPU
		{7C61E30E-738D-4B5F-868B-0044FC9EAC76}.Release|Any CPU.Build.0 = Release|Any CPU
		{7C61E30E-738D-4B5F-868B-0044FC9EAC76}.Release|x64.ActiveCfg = Release|Any CPU
		{7C61E30E-738D-4B5F-868B-0044FC9EAC76}.Release|x64.Build.0 = Release|Any CPU
		{7C61E30E-738D-4B5F-868B-0044FC9EAC76}.Release|x86.ActiveCfg = Release|Any CPU
		{7C61E30E-738D-4B5F-868B-0044FC9EAC76}.Release|x86.Build.0 = Release|Any CPU
	EndGlobalSection
	GlobalSection(SolutionProperties) = preSolution
		HideSolutionNode = FALSE
	EndGlobalSection
EndGlobal
